
Microsoft Visual Studio Solution File, Format Version 12.00
# Visual Studio Version 17
VisualStudioVersion = 17.12.35521.163
MinimumVisualStudioVersion = 10.0.40219.1
Project("{8BC9CEB8-8B4A-11D0-8D11-00A0C91BC942}") = "TRAQ", "TRAQ.vcxproj", "{4B50D735-02D5-47C3-8F9F-E61513AE7A47}"
EndProject
Project("{8BC9CEB8-8B4A-11D0-8D11-00A0C91BC942}") = "kernelmodule", "..\kernelmodule\kernelmodule.vcxproj", "{70CADEBE-305E-4684-B186-7A8D5A8DFECD}"
EndProject
Global
	GlobalSection(SolutionConfigurationPlatforms) = preSolution
		Debug|x64 = Debug|x64
		Debug|x86 = Debug|x86
		Release|x64 = Release|x64
		Release|x86 = Release|x86
	EndGlobalSection
	GlobalSection(ProjectConfigurationPlatforms) = postSolution
		{4B50D735-02D5-47C3-8F9F-E61513AE7A47}.Debug|x64.ActiveCfg = Debug|x64
		{4B50D735-02D5-47C3-8F9F-E61513AE7A47}.Debug|x64.Build.0 = Debug|x64
		{4B50D735-02D5-47C3-8F9F-E61513AE7A47}.Debug|x86.ActiveCfg = Debug|Win32
		{4B50D735-02D5-47C3-8F9F-E61513AE7A47}.Debug|x86.Build.0 = Debug|Win32
		{4B50D735-02D5-47C3-8F9F-E61513AE7A47}.Release|x64.ActiveCfg = Release|x64
		{4B50D735-02D5-47C3-8F9F-E61513AE7A47}.Release|x64.Build.0 = Release|x64
		{4B50D735-02D5-47C3-8F9F-E61513AE7A47}.Release|x86.ActiveCfg = Release|Win32
		{4B50D735-02D5-47C3-8F9F-E61513AE7A47}.Release|x86.Build.0 = Release|Win32
		{70CADEBE-305E-4684-B186-7A8D5A8DFECD}.Debug|x64.ActiveCfg = Debug|x64
		{70CADEBE-305E-4684-B186-7A8D5A8DFECD}.Debug|x64.Build.0 = Debug|x64
		{70CADEBE-305E-4684-B186-7A8D5A8DFECD}.Debug|x64.Deploy.0 = Debug|x64
		{70CADEBE-305E-4684-B186-7A8D5A8DFECD}.Debug|x86.ActiveCfg = Debug|x64
		{70CADEBE-305E-4684-B186-7A8D5A8DFECD}.Debug|x86.Build.0 = Debug|x64
		{70CADEBE-305E-4684-B186-7A8D5A8DFECD}.Debug|x86.Deploy.0 = Debug|x64
		{70CADEBE-305E-4684-B186-7A8D5A8DFECD}.Release|x64.ActiveCfg = Release|x64
		{70CADEBE-305E-4684-B186-7A8D5A8DFECD}.Release|x64.Build.0 = Release|x64
		{70CADEBE-305E-4684-B186-7A8D5A8DFECD}.Release|x64.Deploy.0 = Release|x64
		{70CADEBE-305E-4684-B186-7A8D5A8DFECD}.Release|x86.ActiveCfg = Release|x64
		{70CADEBE-305E-4684-B186-7A8D5A8DFECD}.Release|x86.Build.0 = Release|x64
		{70CADEBE-305E-4684-B186-7A8D5A8DFECD}.Release|x86.Deploy.0 = Release|x64
	EndGlobalSection
	GlobalSection(SolutionProperties) = preSolution
		HideSolutionNode = FALSE
	EndGlobalSection
EndGlobal
